{
  "nodes": {
    "home-manager": {
      "inputs": {
        "nixpkgs": [
          "nixpkgs"
        ]
      },
      "locked": {
        "lastModified": 1767606757,
        "narHash": "sha256-lCl9QyHHHG/lKkpZu9nhJ5ri30FUD66VWNMJp167wPY=",
        "owner": "nix-community",
        "repo": "home-manager",
        "rev": "c4eabb884b01366f25c3f80823b12dd595ed603a",
        "type": "github"
      },
      "original": {
        "owner": "nix-community",
        "repo": "home-manager",
        "type": "github"
      }
    },
    "nixpkgs": {
      "locked": {
        "lastModified": 1767379071,
        "narHash": "sha256-EgE0pxsrW9jp9YFMkHL9JMXxcqi/OoumPJYwf+Okucw=",
        "owner": "nixos",
        "repo": "nixpkgs",
        "rev": "fb7944c166a3b630f177938e478f0378e64ce108",
        "type": "github"
      },
      "original": {
        "owner": "nixos",
        "ref": "nixos-unstable",
        "repo": "nixpkgs",
        "type": "github"
      }
    },
    "nvim-config": {
      "flake": false,
      "locked": {
        "lastModified": 1767607840,
        "narHash": "sha256-9CRzisW4xA1Agy44UbLIJZ7e3/LDBKqUqdkIW3P5bow=",
        "owner": "ruizsamuel",
        "repo": "nvim",
        "rev": "ab56a9500d36df3b881fb24fd7c5984a821fcc11",
        "type": "github"
      },
      "original": {
        "owner": "ruizsamuel",
        "repo": "nvim",
        "type": "github"
      }
    },
    "root": {
      "inputs": {
        "home-manager": "home-manager",
        "nixpkgs": "nixpkgs",
        "nvim-config": "nvim-config"
      }
    }
  },
  "root": "root",
  "version": 7
}
